
Microsoft Visual Studio Solution File, Format Version 10.00
# Visual Studio 2008
Project("{FAE04EC0-301F-11D3-BF4B-00C04F79EFBC}") = "Demo2", "Demo2.csproj", "{52584845-7921-48B8-B3D0-F88912DC4F74}"
EndProject
Global
	GlobalSection(SolutionConfigurationPlatforms) = preSolution
		ASYNC|Any CPU = ASYNC|Any CPU
		ASYNC|x64 = ASYNC|x64
		ASYNC|x86 = ASYNC|x86
		Debug|Any CPU = Debug|Any CPU
		Debug|x64 = Debug|x64
		Debug|x86 = Debug|x86
		GOLD|Any CPU = GOLD|Any CPU
		GOLD|x64 = GOLD|x64
		GOLD|x86 = GOLD|x86
		Release|Any CPU = Release|Any CPU
		Release|x64 = Release|x64
		Release|x86 = Release|x86
		STD_IMAGE|Any CPU = STD_IMAGE|Any CPU
		STD_IMAGE|x64 = STD_IMAGE|x64
		STD_IMAGE|x86 = STD_IMAGE|x86
		TRAIL_ASYNC|Any CPU = TRAIL_ASYNC|Any CPU
		TRAIL_ASYNC|x64 = TRAIL_ASYNC|x64
		TRAIL_ASYNC|x86 = TRAIL_ASYNC|x86
		TRAIL|Any CPU = TRAIL|Any CPU
		TRAIL|x64 = TRAIL|x64
		TRAIL|x86 = TRAIL|x86
	EndGlobalSection
	GlobalSection(ProjectConfigurationPlatforms) = postSolution
		{52584845-7921-48B8-B3D0-F88912DC4F74}.ASYNC|Any CPU.ActiveCfg = ASYNC|Any CPU
		{52584845-7921-48B8-B3D0-F88912DC4F74}.ASYNC|Any CPU.Build.0 = ASYNC|Any CPU
		{52584845-7921-48B8-B3D0-F88912DC4F74}.ASYNC|x64.ActiveCfg = ASYNC|x64
		{52584845-7921-48B8-B3D0-F88912DC4F74}.ASYNC|x64.Build.0 = ASYNC|x64
		{52584845-7921-48B8-B3D0-F88912DC4F74}.ASYNC|x86.ActiveCfg = ASYNC|x86
		{52584845-7921-48B8-B3D0-F88912DC4F74}.ASYNC|x86.Build.0 = ASYNC|x86
		{52584845-7921-48B8-B3D0-F88912DC4F74}.Debug|Any CPU.ActiveCfg = Debug|Any CPU
		{52584845-7921-48B8-B3D0-F88912DC4F74}.Debug|Any CPU.Build.0 = Debug|Any CPU
		{52584845-7921-48B8-B3D0-F88912DC4F74}.Debug|x64.ActiveCfg = Debug|x64
		{52584845-7921-48B8-B3D0-F88912DC4F74}.Debug|x64.Build.0 = Debug|x64
		{52584845-7921-48B8-B3D0-F88912DC4F74}.Debug|x86.ActiveCfg = Debug|x86
		{52584845-7921-48B8-B3D0-F88912DC4F74}.Debug|x86.Build.0 = Debug|x86
		{52584845-7921-48B8-B3D0-F88912DC4F74}.GOLD|Any CPU.ActiveCfg = GOLD|Any CPU
		{52584845-7921-48B8-B3D0-F88912DC4F74}.GOLD|Any CPU.Build.0 = GOLD|Any CPU
		{52584845-7921-48B8-B3D0-F88912DC4F74}.GOLD|x64.ActiveCfg = GOLD|x64
		{52584845-7921-48B8-B3D0-F88912DC4F74}.GOLD|x64.Build.0 = GOLD|x64
		{52584845-7921-48B8-B3D0-F88912DC4F74}.GOLD|x86.ActiveCfg = GOLD|x86
		{52584845-7921-48B8-B3D0-F88912DC4F74}.GOLD|x86.Build.0 = GOLD|x86
		{52584845-7921-48B8-B3D0-F88912DC4F74}.Release|Any CPU.ActiveCfg = Release|Any CPU
		{52584845-7921-48B8-B3D0-F88912DC4F74}.Release|Any CPU.Build.0 = Release|Any CPU
		{52584845-7921-48B8-B3D0-F88912DC4F74}.Release|x64.ActiveCfg = Release|x64
		{52584845-7921-48B8-B3D0-F88912DC4F74}.Release|x64.Build.0 = Release|x64
		{52584845-7921-48B8-B3D0-F88912DC4F74}.Release|x86.ActiveCfg = Release|x86
		{52584845-7921-48B8-B3D0-F88912DC4F74}.Release|x86.Build.0 = Release|x86
		{52584845-7921-48B8-B3D0-F88912DC4F74}.STD_IMAGE|Any CPU.ActiveCfg = STD_IMAGE|Any CPU
		{52584845-7921-48B8-B3D0-F88912DC4F74}.STD_IMAGE|Any CPU.Build.0 = STD_IMAGE|Any CPU
		{52584845-7921-48B8-B3D0-F88912DC4F74}.STD_IMAGE|x64.ActiveCfg = STD_IMAGE|x64
		{52584845-7921-48B8-B3D0-F88912DC4F74}.STD_IMAGE|x64.Build.0 = STD_IMAGE|x64
		{52584845-7921-48B8-B3D0-F88912DC4F74}.STD_IMAGE|x86.ActiveCfg = STD_IMAGE|x86
		{52584845-7921-48B8-B3D0-F88912DC4F74}.STD_IMAGE|x86.Build.0 = STD_IMAGE|x86
		{52584845-7921-48B8-B3D0-F88912DC4F74}.TRAIL_ASYNC|Any CPU.ActiveCfg = TRAIL_ASYNC|Any CPU
		{52584845-7921-48B8-B3D0-F88912DC4F74}.TRAIL_ASYNC|Any CPU.Build.0 = TRAIL_ASYNC|Any CPU
		{52584845-7921-48B8-B3D0-F88912DC4F74}.TRAIL_ASYNC|x64.ActiveCfg = TRAIL_ASYNC|x64
		{52584845-7921-48B8-B3D0-F88912DC4F74}.TRAIL_ASYNC|x64.Build.0 = TRAIL_ASYNC|x64
		{52584845-7921-48B8-B3D0-F88912DC4F74}.TRAIL_ASYNC|x86.ActiveCfg = TRAIL_ASYNC|x86
		{52584845-7921-48B8-B3D0-F88912DC4F74}.TRAIL_ASYNC|x86.Build.0 = TRAIL_ASYNC|x86
		{52584845-7921-48B8-B3D0-F88912DC4F74}.TRAIL|Any CPU.ActiveCfg = TRAIL|Any CPU
		{52584845-7921-48B8-B3D0-F88912DC4F74}.TRAIL|Any CPU.Build.0 = TRAIL|Any CPU
		{52584845-7921-48B8-B3D0-F88912DC4F74}.TRAIL|x64.ActiveCfg = TRAIL|x64
		{52584845-7921-48B8-B3D0-F88912DC4F74}.TRAIL|x64.Build.0 = TRAIL|x64
		{52584845-7921-48B8-B3D0-F88912DC4F74}.TRAIL|x86.ActiveCfg = TRAIL|x86
		{52584845-7921-48B8-B3D0-F88912DC4F74}.TRAIL|x86.Build.0 = TRAIL|x86
	EndGlobalSection
	GlobalSection(SolutionProperties) = preSolution
		HideSolutionNode = FALSE
	EndGlobalSection
EndGlobal
